
Microsoft Visual Studio Solution File, Format Version 12.00
# Visual Studio Version 17
VisualStudioVersion = 17.11.35222.181
MinimumVisualStudioVersion = 10.0.40219.1
Project("{FAE04EC0-301F-11D3-BF4B-00C04F79EFBC}") = "WpfApp15", "WpfApp15\WpfApp15.csproj", "{C0DBADA8-2E96-49EE-B430-A48E8E2DA613}"
EndProject
Global
	GlobalSection(SolutionConfigurationPlatforms) = preSolution
		Debug|Any CPU = Debug|Any CPU
		Release|Any CPU = Release|Any CPU
	EndGlobalSection
	GlobalSection(ProjectConfigurationPlatforms) = postSolution
		{C0DBADA8-2E96-49EE-B430-A48E8E2DA613}.Debug|Any CPU.ActiveCfg = Debug|Any CPU
		{C0DBADA8-2E96-49EE-B430-A48E8E2DA613}.Debug|Any CPU.Build.0 = Debug|Any CPU
		{C0DBADA8-2E96-49EE-B430-A48E8E2DA613}.Release|Any CPU.ActiveCfg = Release|Any CPU
		{C0DBADA8-2E96-49EE-B430-A48E8E2DA613}.Release|Any CPU.Build.0 = Release|Any CPU
	EndGlobalSection
	GlobalSection(SolutionProperties) = preSolution
		HideSolutionNode = FALSE
	EndGlobalSection
	GlobalSection(ExtensibilityGlobals) = postSolution
		SolutionGuid = {05EBB7E6-DDBF-45F6-B227-61C3E3A7DF01}
	EndGlobalSection
EndGlobal
